
Microsoft Visual Studio Solution File, Format Version 12.00
# Visual Studio Version 17
VisualStudioVersion = 17.5.33103.201
MinimumVisualStudioVersion = 10.0.40219.1
Project("{9A19103F-16F7-4668-BE54-9A1E7A4F7556}") = "App", "src\App\App.csproj", "{B906B3E1-E58C-4F30-9449-EB1DD219485A}"
EndProject
Project("{9A19103F-16F7-4668-BE54-9A1E7A4F7556}") = "Tests", "src\Tests\Tests.csproj", "{638E2879-1321-495B-828B-785B6B5E9921}"
EndProject
Project("{2150E333-8FDC-42A3-9474-1A3956D46DE8}") = "Solution Items", "Solution Items", "{4647FAB9-797D-4EAF-9488-DA68A030D6F9}"
	ProjectSection(SolutionItems) = preProject
		.github\workflows\build.yml = .github\workflows\build.yml
		src\Directory.props = src\Directory.props
		readme.md = readme.md
	EndProjectSection
EndProject
Project("{9A19103F-16F7-4668-BE54-9A1E7A4F7556}") = "SponsorLink", "src\SponsorLink\SponsorLink.csproj", "{C04E6EF3-CD66-4E4C-8A55-77B31DFBDF88}"
EndProject
Project("{9A19103F-16F7-4668-BE54-9A1E7A4F7556}") = "Package", "src\Package\Package.csproj", "{E2813343-FDF5-4870-9DA5-35A1A3EB2CA6}"
EndProject
Global
	GlobalSection(SolutionConfigurationPlatforms) = preSolution
		Debug|Any CPU = Debug|Any CPU
		Release|Any CPU = Release|Any CPU
	EndGlobalSection
	GlobalSection(ProjectConfigurationPlatforms) = postSolution
		{B906B3E1-E58C-4F30-9449-EB1DD219485A}.Debug|Any CPU.ActiveCfg = Debug|Any CPU
		{B906B3E1-E58C-4F30-9449-EB1DD219485A}.Debug|Any CPU.Build.0 = Debug|Any CPU
		{B906B3E1-E58C-4F30-9449-EB1DD219485A}.Release|Any CPU.ActiveCfg = Release|Any CPU
		{B906B3E1-E58C-4F30-9449-EB1DD219485A}.Release|Any CPU.Build.0 = Release|Any CPU
		{638E2879-1321-495B-828B-785B6B5E9921}.Debug|Any CPU.ActiveCfg = Debug|Any CPU
		{638E2879-1321-495B-828B-785B6B5E9921}.Debug|Any CPU.Build.0 = Debug|Any CPU
		{638E2879-1321-495B-828B-785B6B5E9921}.Release|Any CPU.ActiveCfg = Release|Any CPU
		{638E2879-1321-495B-828B-785B6B5E9921}.Release|Any CPU.Build.0 = Release|Any CPU
		{C04E6EF3-CD66-4E4C-8A55-77B31DFBDF88}.Debug|Any CPU.ActiveCfg = Debug|Any CPU
		{C04E6EF3-CD66-4E4C-8A55-77B31DFBDF88}.Debug|Any CPU.Build.0 = Debug|Any CPU
		{C04E6EF3-CD66-4E4C-8A55-77B31DFBDF88}.Release|Any CPU.ActiveCfg = Release|Any CPU
		{C04E6EF3-CD66-4E4C-8A55-77B31DFBDF88}.Release|Any CPU.Build.0 = Release|Any CPU
		{E2813343-FDF5-4870-9DA5-35A1A3EB2CA6}.Debug|Any CPU.ActiveCfg = Debug|Any CPU
		{E2813343-FDF5-4870-9DA5-35A1A3EB2CA6}.Debug|Any CPU.Build.0 = Debug|Any CPU
		{E2813343-FDF5-4870-9DA5-35A1A3EB2CA6}.Release|Any CPU.ActiveCfg = Release|Any CPU
		{E2813343-FDF5-4870-9DA5-35A1A3EB2CA6}.Release|Any CPU.Build.0 = Release|Any CPU
	EndGlobalSection
	GlobalSection(SolutionProperties) = preSolution
		HideSolutionNode = FALSE
	EndGlobalSection
	GlobalSection(ExtensibilityGlobals) = postSolution
		SolutionGuid = {3CF54251-8690-42B5-B396-0760CFC484CC}
	EndGlobalSection
EndGlobal
