
Microsoft Visual Studio Solution File, Format Version 12.00
# Visual Studio Version 17
VisualStudioVersion = 17.5.33312.197
MinimumVisualStudioVersion = 10.0.40219.1
Project("{9A19103F-16F7-4668-BE54-9A1E7A4F7556}") = "SponsorableLib", "SponsorableLib.csproj", "{BF0F0E00-8C74-4B6E-BE97-7F894246B930}"
EndProject
Global
	GlobalSection(SolutionConfigurationPlatforms) = preSolution
		Debug|Any CPU = Debug|Any CPU
		Release|Any CPU = Release|Any CPU
	EndGlobalSection
	GlobalSection(ProjectConfigurationPlatforms) = postSolution
		{BF0F0E00-8C74-4B6E-BE97-7F894246B930}.Debug|Any CPU.ActiveCfg = Debug|Any CPU
		{BF0F0E00-8C74-4B6E-BE97-7F894246B930}.Debug|Any CPU.Build.0 = Debug|Any CPU
		{BF0F0E00-8C74-4B6E-BE97-7F894246B930}.Release|Any CPU.ActiveCfg = Release|Any CPU
		{BF0F0E00-8C74-4B6E-BE97-7F894246B930}.Release|Any CPU.Build.0 = Release|Any CPU
	EndGlobalSection
	GlobalSection(SolutionProperties) = preSolution
		HideSolutionNode = FALSE
	EndGlobalSection
	GlobalSection(ExtensibilityGlobals) = postSolution
		SolutionGuid = {61BC40A4-2B4A-438A-9874-3C44BD251234}
	EndGlobalSection
EndGlobal
